
Microsoft Visual Studio Solution File, Format Version 12.00
# Visual Studio Version 17
Project("{2150E333-8FDC-42A3-9474-1A3956D46DE8}") = "CMakePredefinedTargets", "CMakePredefinedTargets", "{10E17FCB-F348-3C2C-930B-2009B5348A11}"
EndProject
Project("{2150E333-8FDC-42A3-9474-1A3956D46DE8}") = "GLFW3", "GLFW3", "{3FCBC1D0-9D3E-3E06-9B5A-7ABDED54AB3C}"
EndProject
Project("{2150E333-8FDC-42A3-9474-1A3956D46DE8}") = "Examples", "GLFW3\Examples", "{27740896-1EEF-35C8-B9D2-E0E8AA71843E}"
EndProject
Project("{2150E333-8FDC-42A3-9474-1A3956D46DE8}") = "Tests", "GLFW3\Tests", "{1794BD00-89E8-37C9-877A-5B629D41B5CE}"
EndProject
Project("{8BC9CEB8-8B4A-11D0-8D11-00A0C91BC942}") = "ALL_BUILD", "ALL_BUILD.vcxproj", "{9439C92E-0F21-36FD-AD04-8999AC0A679A}"
	ProjectSection(ProjectDependencies) = postProject
		{03255236-7150-332E-8B1F-ABC74E739309} = {03255236-7150-332E-8B1F-ABC74E739309}
		{FC8CCD69-3DBD-3399-AF77-10B0F4A36748} = {FC8CCD69-3DBD-3399-AF77-10B0F4A36748}
		{C2FAF402-F766-3BBF-960F-5D67D1A73941} = {C2FAF402-F766-3BBF-960F-5D67D1A73941}
		{DA2FC607-A312-3BE6-A457-8EA1FFB9ED1B} = {DA2FC607-A312-3BE6-A457-8EA1FFB9ED1B}
		{969E16D3-17E8-3C74-8F93-BFBEC3729C15} = {969E16D3-17E8-3C74-8F93-BFBEC3729C15}
		{4BCCDBFD-1BA8-3C77-9CD0-A6CEEA87B43C} = {4BCCDBFD-1BA8-3C77-9CD0-A6CEEA87B43C}
		{EE4B7EB2-EE28-36F2-93AA-B1B05971E0E6} = {EE4B7EB2-EE28-36F2-93AA-B1B05971E0E6}
		{3A56BC41-C53A-34EB-8944-681BF53DA693} = {3A56BC41-C53A-34EB-8944-681BF53DA693}
		{3CFEBC19-B6E1-3024-B0C9-32FEF239D534} = {3CFEBC19-B6E1-3024-B0C9-32FEF239D534}
		{3CAFF8E0-E530-3CFA-AA26-FEA459737529} = {3CAFF8E0-E530-3CFA-AA26-FEA459737529}
		{84DD33B0-6DF8-3788-85C8-581B65ADE169} = {84DD33B0-6DF8-3788-85C8-581B65ADE169}
		{EED54B3B-F97E-3D4F-A36A-22F151D35748} = {EED54B3B-F97E-3D4F-A36A-22F151D35748}
		{215036CF-B241-373E-9AC8-4F180CE72BFF} = {215036CF-B241-373E-9AC8-4F180CE72BFF}
		{39D8F7C1-A6C8-368A-AB95-7A18B8D8F05A} = {39D8F7C1-A6C8-368A-AB95-7A18B8D8F05A}
		{EB93DF99-EB25-3817-A4E3-164B8AE66839} = {EB93DF99-EB25-3817-A4E3-164B8AE66839}
		{40926FD3-04B0-330A-8085-CFDB6A492E38} = {40926FD3-04B0-330A-8085-CFDB6A492E38}
		{22C0BF31-6182-3A22-A35D-0DA1C34CD70F} = {22C0BF31-6182-3A22-A35D-0DA1C34CD70F}
		{ABF4C709-81B5-3460-9F17-9B1B0B38959A} = {ABF4C709-81B5-3460-9F17-9B1B0B38959A}
		{5CE03F53-25C7-3C5C-880D-5E7337F397BE} = {5CE03F53-25C7-3C5C-880D-5E7337F397BE}
		{2B635AA8-8AC9-3E38-A773-FDA547CE82B9} = {2B635AA8-8AC9-3E38-A773-FDA547CE82B9}
		{481D8CBB-3125-368E-BDE0-DE4BB5E80455} = {481D8CBB-3125-368E-BDE0-DE4BB5E80455}
		{1488425D-B8AD-306E-8D43-DA8721F360DB} = {1488425D-B8AD-306E-8D43-DA8721F360DB}
		{F334DAD3-D353-3F0E-A3C9-0E476BCC57F8} = {F334DAD3-D353-3F0E-A3C9-0E476BCC57F8}
		{3AF3AA78-D67C-3985-B9F7-709E96614E42} = {3AF3AA78-D67C-3985-B9F7-709E96614E42}
		{261B03AF-ED63-35AC-A4EA-1ADE6AD08747} = {261B03AF-ED63-35AC-A4EA-1ADE6AD08747}
		{3F2760C9-DC27-3042-8005-7D81DC1C1A5E} = {3F2760C9-DC27-3042-8005-7D81DC1C1A5E}
		{FDAD1C2B-F0D4-3AF8-A3A3-89C8ACA3D5A6} = {FDAD1C2B-F0D4-3AF8-A3A3-89C8ACA3D5A6}
		{7D6164D5-43E8-3529-BBF3-A00999FE4C54} = {7D6164D5-43E8-3529-BBF3-A00999FE4C54}
		{DF9FDFE8-C6BC-332E-8BD4-72B4647A9062} = {DF9FDFE8-C6BC-332E-8BD4-72B4647A9062}
		{405EFF61-4DD6-3F1E-BF44-8CF88002FD85} = {405EFF61-4DD6-3F1E-BF44-8CF88002FD85}
		{B980BC2E-2700-34BC-B9D0-367071741D17} = {B980BC2E-2700-34BC-B9D0-367071741D17}
		{F3D59865-C02A-3AA6-9BB4-82D6DB72E920} = {F3D59865-C02A-3AA6-9BB4-82D6DB72E920}
		{7D6465F5-41A1-3170-A2B6-02DE05914824} = {7D6465F5-41A1-3170-A2B6-02DE05914824}
	EndProjectSection
EndProject
Project("{8BC9CEB8-8B4A-11D0-8D11-00A0C91BC942}") = "INSTALL", "INSTALL.vcxproj", "{FA0B1E72-AF44-3AC7-8EE0-BE3CBF25359C}"
	ProjectSection(ProjectDependencies) = postProject
		{9439C92E-0F21-36FD-AD04-8999AC0A679A} = {9439C92E-0F21-36FD-AD04-8999AC0A679A}
		{03255236-7150-332E-8B1F-ABC74E739309} = {03255236-7150-332E-8B1F-ABC74E739309}
	EndProjectSection
EndProject
Project("{8BC9CEB8-8B4A-11D0-8D11-00A0C91BC942}") = "ZERO_CHECK", "ZERO_CHECK.vcxproj", "{03255236-7150-332E-8B1F-ABC74E739309}"
	ProjectSection(ProjectDependencies) = postProject
	EndProjectSection
EndProject
Project("{8BC9CEB8-8B4A-11D0-8D11-00A0C91BC942}") = "allocator", "tests\allocator.vcxproj", "{FC8CCD69-3DBD-3399-AF77-10B0F4A36748}"
	ProjectSection(ProjectDependencies) = postProject
		{03255236-7150-332E-8B1F-ABC74E739309} = {03255236-7150-332E-8B1F-ABC74E739309}
		{3CAFF8E0-E530-3CFA-AA26-FEA459737529} = {3CAFF8E0-E530-3CFA-AA26-FEA459737529}
	EndProjectSection
EndProject
Project("{8BC9CEB8-8B4A-11D0-8D11-00A0C91BC942}") = "boing", "examples\boing.vcxproj", "{C2FAF402-F766-3BBF-960F-5D67D1A73941}"
	ProjectSection(ProjectDependencies) = postProject
		{03255236-7150-332E-8B1F-ABC74E739309} = {03255236-7150-332E-8B1F-ABC74E739309}
		{3CAFF8E0-E530-3CFA-AA26-FEA459737529} = {3CAFF8E0-E530-3CFA-AA26-FEA459737529}
	EndProjectSection
EndProject
Project("{8BC9CEB8-8B4A-11D0-8D11-00A0C91BC942}") = "clipboard", "tests\clipboard.vcxproj", "{DA2FC607-A312-3BE6-A457-8EA1FFB9ED1B}"
	ProjectSection(ProjectDependencies) = postProject
		{03255236-7150-332E-8B1F-ABC74E739309} = {03255236-7150-332E-8B1F-ABC74E739309}
		{3CAFF8E0-E530-3CFA-AA26-FEA459737529} = {3CAFF8E0-E530-3CFA-AA26-FEA459737529}
	EndProjectSection
EndProject
Project("{8BC9CEB8-8B4A-11D0-8D11-00A0C91BC942}") = "cursor", "tests\cursor.vcxproj", "{969E16D3-17E8-3C74-8F93-BFBEC3729C15}"
	ProjectSection(ProjectDependencies) = postProject
		{03255236-7150-332E-8B1F-ABC74E739309} = {03255236-7150-332E-8B1F-ABC74E739309}
		{3CAFF8E0-E530-3CFA-AA26-FEA459737529} = {3CAFF8E0-E530-3CFA-AA26-FEA459737529}
	EndProjectSection
EndProject
Project("{8BC9CEB8-8B4A-11D0-8D11-00A0C91BC942}") = "empty", "tests\empty.vcxproj", "{4BCCDBFD-1BA8-3C77-9CD0-A6CEEA87B43C}"
	ProjectSection(ProjectDependencies) = postProject
		{03255236-7150-332E-8B1F-ABC74E739309} = {03255236-7150-332E-8B1F-ABC74E739309}
		{3CAFF8E0-E530-3CFA-AA26-FEA459737529} = {3CAFF8E0-E530-3CFA-AA26-FEA459737529}
	EndProjectSection
EndProject
Project("{8BC9CEB8-8B4A-11D0-8D11-00A0C91BC942}") = "events", "tests\events.vcxproj", "{EE4B7EB2-EE28-36F2-93AA-B1B05971E0E6}"
	ProjectSection(ProjectDependencies) = postProject
		{03255236-7150-332E-8B1F-ABC74E739309} = {03255236-7150-332E-8B1F-ABC74E739309}
		{3CAFF8E0-E530-3CFA-AA26-FEA459737529} = {3CAFF8E0-E530-3CFA-AA26-FEA459737529}
	EndProjectSection
EndProject
Project("{8BC9CEB8-8B4A-11D0-8D11-00A0C91BC942}") = "gamma", "tests\gamma.vcxproj", "{3A56BC41-C53A-34EB-8944-681BF53DA693}"
	ProjectSection(ProjectDependencies) = postProject
		{03255236-7150-332E-8B1F-ABC74E739309} = {03255236-7150-332E-8B1F-ABC74E739309}
		{3CAFF8E0-E530-3CFA-AA26-FEA459737529} = {3CAFF8E0-E530-3CFA-AA26-FEA459737529}
	EndProjectSection
EndProject
Project("{8BC9CEB8-8B4A-11D0-8D11-00A0C91BC942}") = "gears", "examples\gears.vcxproj", "{3CFEBC19-B6E1-3024-B0C9-32FEF239D534}"
	ProjectSection(ProjectDependencies) = postProject
		{03255236-7150-332E-8B1F-ABC74E739309} = {03255236-7150-332E-8B1F-ABC74E739309}
		{3CAFF8E0-E530-3CFA-AA26-FEA459737529} = {3CAFF8E0-E530-3CFA-AA26-FEA459737529}
	EndProjectSection
EndProject
Project("{8BC9CEB8-8B4A-11D0-8D11-00A0C91BC942}") = "glfw", "src\glfw.vcxproj", "{3CAFF8E0-E530-3CFA-AA26-FEA459737529}"
	ProjectSection(ProjectDependencies) = postProject
		{03255236-7150-332E-8B1F-ABC74E739309} = {03255236-7150-332E-8B1F-ABC74E739309}
	EndProjectSection
EndProject
Project("{8BC9CEB8-8B4A-11D0-8D11-00A0C91BC942}") = "glfwinfo", "tests\glfwinfo.vcxproj", "{84DD33B0-6DF8-3788-85C8-581B65ADE169}"
	ProjectSection(ProjectDependencies) = postProject
		{03255236-7150-332E-8B1F-ABC74E739309} = {03255236-7150-332E-8B1F-ABC74E739309}
		{3CAFF8E0-E530-3CFA-AA26-FEA459737529} = {3CAFF8E0-E530-3CFA-AA26-FEA459737529}
	EndProjectSection
EndProject
Project("{8BC9CEB8-8B4A-11D0-8D11-00A0C91BC942}") = "heightmap", "examples\heightmap.vcxproj", "{EED54B3B-F97E-3D4F-A36A-22F151D35748}"
	ProjectSection(ProjectDependencies) = postProject
		{03255236-7150-332E-8B1F-ABC74E739309} = {03255236-7150-332E-8B1F-ABC74E739309}
		{3CAFF8E0-E530-3CFA-AA26-FEA459737529} = {3CAFF8E0-E530-3CFA-AA26-FEA459737529}
	EndProjectSection
EndProject
Project("{8BC9CEB8-8B4A-11D0-8D11-00A0C91BC942}") = "icon", "tests\icon.vcxproj", "{215036CF-B241-373E-9AC8-4F180CE72BFF}"
	ProjectSection(ProjectDependencies) = postProject
		{03255236-7150-332E-8B1F-ABC74E739309} = {03255236-7150-332E-8B1F-ABC74E739309}
		{3CAFF8E0-E530-3CFA-AA26-FEA459737529} = {3CAFF8E0-E530-3CFA-AA26-FEA459737529}
	EndProjectSection
EndProject
Project("{8BC9CEB8-8B4A-11D0-8D11-00A0C91BC942}") = "iconify", "tests\iconify.vcxproj", "{39D8F7C1-A6C8-368A-AB95-7A18B8D8F05A}"
	ProjectSection(ProjectDependencies) = postProject
		{03255236-7150-332E-8B1F-ABC74E739309} = {03255236-7150-332E-8B1F-ABC74E739309}
		{3CAFF8E0-E530-3CFA-AA26-FEA459737529} = {3CAFF8E0-E530-3CFA-AA26-FEA459737529}
	EndProjectSection
EndProject
Project("{8BC9CEB8-8B4A-11D0-8D11-00A0C91BC942}") = "inputlag", "tests\inputlag.vcxproj", "{EB93DF99-EB25-3817-A4E3-164B8AE66839}"
	ProjectSection(ProjectDependencies) = postProject
		{03255236-7150-332E-8B1F-ABC74E739309} = {03255236-7150-332E-8B1F-ABC74E739309}
		{3CAFF8E0-E530-3CFA-AA26-FEA459737529} = {3CAFF8E0-E530-3CFA-AA26-FEA459737529}
	EndProjectSection
EndProject
Project("{8BC9CEB8-8B4A-11D0-8D11-00A0C91BC942}") = "joysticks", "tests\joysticks.vcxproj", "{40926FD3-04B0-330A-8085-CFDB6A492E38}"
	ProjectSection(ProjectDependencies) = postProject
		{03255236-7150-332E-8B1F-ABC74E739309} = {03255236-7150-332E-8B1F-ABC74E739309}
		{3CAFF8E0-E530-3CFA-AA26-FEA459737529} = {3CAFF8E0-E530-3CFA-AA26-FEA459737529}
	EndProjectSection
EndProject
Project("{8BC9CEB8-8B4A-11D0-8D11-00A0C91BC942}") = "monitors", "tests\monitors.vcxproj", "{22C0BF31-6182-3A22-A35D-0DA1C34CD70F}"
	ProjectSection(ProjectDependencies) = postProject
		{03255236-7150-332E-8B1F-ABC74E739309} = {03255236-7150-332E-8B1F-ABC74E739309}
		{3CAFF8E0-E530-3CFA-AA26-FEA459737529} = {3CAFF8E0-E530-3CFA-AA26-FEA459737529}
	EndProjectSection
EndProject
Project("{8BC9CEB8-8B4A-11D0-8D11-00A0C91BC942}") = "msaa", "tests\msaa.vcxproj", "{ABF4C709-81B5-3460-9F17-9B1B0B38959A}"
	ProjectSection(ProjectDependencies) = postProject
		{03255236-7150-332E-8B1F-ABC74E739309} = {03255236-7150-332E-8B1F-ABC74E739309}
		{3CAFF8E0-E530-3CFA-AA26-FEA459737529} = {3CAFF8E0-E530-3CFA-AA26-FEA459737529}
	EndProjectSection
EndProject
Project("{8BC9CEB8-8B4A-11D0-8D11-00A0C91BC942}") = "offscreen", "examples\offscreen.vcxproj", "{5CE03F53-25C7-3C5C-880D-5E7337F397BE}"
	ProjectSection(ProjectDependencies) = postProject
		{03255236-7150-332E-8B1F-ABC74E739309} = {03255236-7150-332E-8B1F-ABC74E739309}
		{3CAFF8E0-E530-3CFA-AA26-FEA459737529} = {3CAFF8E0-E530-3CFA-AA26-FEA459737529}
	EndProjectSection
EndProject
Project("{8BC9CEB8-8B4A-11D0-8D11-00A0C91BC942}") = "particles", "examples\particles.vcxproj", "{2B635AA8-8AC9-3E38-A773-FDA547CE82B9}"
	ProjectSection(ProjectDependencies) = postProject
		{03255236-7150-332E-8B1F-ABC74E739309} = {03255236-7150-332E-8B1F-ABC74E739309}
		{3CAFF8E0-E530-3CFA-AA26-FEA459737529} = {3CAFF8E0-E530-3CFA-AA26-FEA459737529}
	EndProjectSection
EndProject
Project("{8BC9CEB8-8B4A-11D0-8D11-00A0C91BC942}") = "reopen", "tests\reopen.vcxproj", "{481D8CBB-3125-368E-BDE0-DE4BB5E80455}"
	ProjectSection(ProjectDependencies) = postProject
		{03255236-7150-332E-8B1F-ABC74E739309} = {03255236-7150-332E-8B1F-ABC74E739309}
		{3CAFF8E0-E530-3CFA-AA26-FEA459737529} = {3CAFF8E0-E530-3CFA-AA26-FEA459737529}
	EndProjectSection
EndProject
Project("{8BC9CEB8-8B4A-11D0-8D11-00A0C91BC942}") = "sharing", "examples\sharing.vcxproj", "{1488425D-B8AD-306E-8D43-DA8721F360DB}"
	ProjectSection(ProjectDependencies) = postProject
		{03255236-7150-332E-8B1F-ABC74E739309} = {03255236-7150-332E-8B1F-ABC74E739309}
		{3CAFF8E0-E530-3CFA-AA26-FEA459737529} = {3CAFF8E0-E530-3CFA-AA26-FEA459737529}
	EndProjectSection
EndProject
Project("{8BC9CEB8-8B4A-11D0-8D11-00A0C91BC942}") = "splitview", "examples\splitview.vcxproj", "{F334DAD3-D353-3F0E-A3C9-0E476BCC57F8}"
	ProjectSection(ProjectDependencies) = postProject
		{03255236-7150-332E-8B1F-ABC74E739309} = {03255236-7150-332E-8B1F-ABC74E739309}
		{3CAFF8E0-E530-3CFA-AA26-FEA459737529} = {3CAFF8E0-E530-3CFA-AA26-FEA459737529}
	EndProjectSection
EndProject
Project("{8BC9CEB8-8B4A-11D0-8D11-00A0C91BC942}") = "tearing", "tests\tearing.vcxproj", "{3AF3AA78-D67C-3985-B9F7-709E96614E42}"
	ProjectSection(ProjectDependencies) = postProject
		{03255236-7150-332E-8B1F-ABC74E739309} = {03255236-7150-332E-8B1F-ABC74E739309}
		{3CAFF8E0-E530-3CFA-AA26-FEA459737529} = {3CAFF8E0-E530-3CFA-AA26-FEA459737529}
	EndProjectSection
EndProject
Project("{8BC9CEB8-8B4A-11D0-8D11-00A0C91BC942}") = "threads", "tests\threads.vcxproj", "{261B03AF-ED63-35AC-A4EA-1ADE6AD08747}"
	ProjectSection(ProjectDependencies) = postProject
		{03255236-7150-332E-8B1F-ABC74E739309} = {03255236-7150-332E-8B1F-ABC74E739309}
		{3CAFF8E0-E530-3CFA-AA26-FEA459737529} = {3CAFF8E0-E530-3CFA-AA26-FEA459737529}
	EndProjectSection
EndProject
Project("{8BC9CEB8-8B4A-11D0-8D11-00A0C91BC942}") = "timeout", "tests\timeout.vcxproj", "{3F2760C9-DC27-3042-8005-7D81DC1C1A5E}"
	ProjectSection(ProjectDependencies) = postProject
		{03255236-7150-332E-8B1F-ABC74E739309} = {03255236-7150-332E-8B1F-ABC74E739309}
		{3CAFF8E0-E530-3CFA-AA26-FEA459737529} = {3CAFF8E0-E530-3CFA-AA26-FEA459737529}
	EndProjectSection
EndProject
Project("{8BC9CEB8-8B4A-11D0-8D11-00A0C91BC942}") = "title", "tests\title.vcxproj", "{FDAD1C2B-F0D4-3AF8-A3A3-89C8ACA3D5A6}"
	ProjectSection(ProjectDependencies) = postProject
		{03255236-7150-332E-8B1F-ABC74E739309} = {03255236-7150-332E-8B1F-ABC74E739309}
		{3CAFF8E0-E530-3CFA-AA26-FEA459737529} = {3CAFF8E0-E530-3CFA-AA26-FEA459737529}
	EndProjectSection
EndProject
Project("{8BC9CEB8-8B4A-11D0-8D11-00A0C91BC942}") = "triangle-opengl", "examples\triangle-opengl.vcxproj", "{7D6164D5-43E8-3529-BBF3-A00999FE4C54}"
	ProjectSection(ProjectDependencies) = postProject
		{03255236-7150-332E-8B1F-ABC74E739309} = {03255236-7150-332E-8B1F-ABC74E739309}
		{3CAFF8E0-E530-3CFA-AA26-FEA459737529} = {3CAFF8E0-E530-3CFA-AA26-FEA459737529}
	EndProjectSection
EndProject
Project("{8BC9CEB8-8B4A-11D0-8D11-00A0C91BC942}") = "triangle-opengles", "examples\triangle-opengles.vcxproj", "{DF9FDFE8-C6BC-332E-8BD4-72B4647A9062}"
	ProjectSection(ProjectDependencies) = postProject
		{03255236-7150-332E-8B1F-ABC74E739309} = {03255236-7150-332E-8B1F-ABC74E739309}
		{3CAFF8E0-E530-3CFA-AA26-FEA459737529} = {3CAFF8E0-E530-3CFA-AA26-FEA459737529}
	EndProjectSection
EndProject
Project("{8BC9CEB8-8B4A-11D0-8D11-00A0C91BC942}") = "triangle-vulkan", "tests\triangle-vulkan.vcxproj", "{405EFF61-4DD6-3F1E-BF44-8CF88002FD85}"
	ProjectSection(ProjectDependencies) = postProject
		{03255236-7150-332E-8B1F-ABC74E739309} = {03255236-7150-332E-8B1F-ABC74E739309}
		{3CAFF8E0-E530-3CFA-AA26-FEA459737529} = {3CAFF8E0-E530-3CFA-AA26-FEA459737529}
	EndProjectSection
EndProject
Project("{8BC9CEB8-8B4A-11D0-8D11-00A0C91BC942}") = "uninstall", "uninstall.vcxproj", "{BB977178-B2EF-3F23-BD11-85FAD5CA9522}"
	ProjectSection(ProjectDependencies) = postProject
		{03255236-7150-332E-8B1F-ABC74E739309} = {03255236-7150-332E-8B1F-ABC74E739309}
	EndProjectSection
EndProject
Project("{8BC9CEB8-8B4A-11D0-8D11-00A0C91BC942}") = "update_mappings", "src\update_mappings.vcxproj", "{C1DD50FE-46FD-313F-9C76-F19194F8B7D6}"
	ProjectSection(ProjectDependencies) = postProject
		{03255236-7150-332E-8B1F-ABC74E739309} = {03255236-7150-332E-8B1F-ABC74E739309}
	EndProjectSection
EndProject
Project("{8BC9CEB8-8B4A-11D0-8D11-00A0C91BC942}") = "wave", "examples\wave.vcxproj", "{B980BC2E-2700-34BC-B9D0-367071741D17}"
	ProjectSection(ProjectDependencies) = postProject
		{03255236-7150-332E-8B1F-ABC74E739309} = {03255236-7150-332E-8B1F-ABC74E739309}
		{3CAFF8E0-E530-3CFA-AA26-FEA459737529} = {3CAFF8E0-E530-3CFA-AA26-FEA459737529}
	EndProjectSection
EndProject
Project("{8BC9CEB8-8B4A-11D0-8D11-00A0C91BC942}") = "window", "tests\window.vcxproj", "{F3D59865-C02A-3AA6-9BB4-82D6DB72E920}"
	ProjectSection(ProjectDependencies) = postProject
		{03255236-7150-332E-8B1F-ABC74E739309} = {03255236-7150-332E-8B1F-ABC74E739309}
		{3CAFF8E0-E530-3CFA-AA26-FEA459737529} = {3CAFF8E0-E530-3CFA-AA26-FEA459737529}
	EndProjectSection
EndProject
Project("{8BC9CEB8-8B4A-11D0-8D11-00A0C91BC942}") = "windows", "examples\windows.vcxproj", "{7D6465F5-41A1-3170-A2B6-02DE05914824}"
	ProjectSection(ProjectDependencies) = postProject
		{03255236-7150-332E-8B1F-ABC74E739309} = {03255236-7150-332E-8B1F-ABC74E739309}
		{3CAFF8E0-E530-3CFA-AA26-FEA459737529} = {3CAFF8E0-E530-3CFA-AA26-FEA459737529}
	EndProjectSection
EndProject
Global
	GlobalSection(SolutionConfigurationPlatforms) = preSolution
		Debug|x64 = Debug|x64
		Release|x64 = Release|x64
		MinSizeRel|x64 = MinSizeRel|x64
		RelWithDebInfo|x64 = RelWithDebInfo|x64
	EndGlobalSection
	GlobalSection(ProjectConfigurationPlatforms) = postSolution
		{9439C92E-0F21-36FD-AD04-8999AC0A679A}.Debug|x64.ActiveCfg = Debug|x64
		{9439C92E-0F21-36FD-AD04-8999AC0A679A}.Debug|x64.Build.0 = Debug|x64
		{9439C92E-0F21-36FD-AD04-8999AC0A679A}.Release|x64.ActiveCfg = Release|x64
		{9439C92E-0F21-36FD-AD04-8999AC0A679A}.Release|x64.Build.0 = Release|x64
		{9439C92E-0F21-36FD-AD04-8999AC0A679A}.MinSizeRel|x64.ActiveCfg = MinSizeRel|x64
		{9439C92E-0F21-36FD-AD04-8999AC0A679A}.MinSizeRel|x64.Build.0 = MinSizeRel|x64
		{9439C92E-0F21-36FD-AD04-8999AC0A679A}.RelWithDebInfo|x64.ActiveCfg = RelWithDebInfo|x64
		{9439C92E-0F21-36FD-AD04-8999AC0A679A}.RelWithDebInfo|x64.Build.0 = RelWithDebInfo|x64
		{FA0B1E72-AF44-3AC7-8EE0-BE3CBF25359C}.Debug|x64.ActiveCfg = Debug|x64
		{FA0B1E72-AF44-3AC7-8EE0-BE3CBF25359C}.Release|x64.ActiveCfg = Release|x64
		{FA0B1E72-AF44-3AC7-8EE0-BE3CBF25359C}.MinSizeRel|x64.ActiveCfg = MinSizeRel|x64
		{FA0B1E72-AF44-3AC7-8EE0-BE3CBF25359C}.RelWithDebInfo|x64.ActiveCfg = RelWithDebInfo|x64
		{03255236-7150-332E-8B1F-ABC74E739309}.Debug|x64.ActiveCfg = Debug|x64
		{03255236-7150-332E-8B1F-ABC74E739309}.Debug|x64.Build.0 = Debug|x64
		{03255236-7150-332E-8B1F-ABC74E739309}.Release|x64.ActiveCfg = Release|x64
		{03255236-7150-332E-8B1F-ABC74E739309}.Release|x64.Build.0 = Release|x64
		{03255236-7150-332E-8B1F-ABC74E739309}.MinSizeRel|x64.ActiveCfg = MinSizeRel|x64
		{03255236-7150-332E-8B1F-ABC74E739309}.MinSizeRel|x64.Build.0 = MinSizeRel|x64
		{03255236-7150-332E-8B1F-ABC74E739309}.RelWithDebInfo|x64.ActiveCfg = RelWithDebInfo|x64
		{03255236-7150-332E-8B1F-ABC74E739309}.RelWithDebInfo|x64.Build.0 = RelWithDebInfo|x64
		{FC8CCD69-3DBD-3399-AF77-10B0F4A36748}.Debug|x64.ActiveCfg = Debug|x64
		{FC8CCD69-3DBD-3399-AF77-10B0F4A36748}.Debug|x64.Build.0 = Debug|x64
		{FC8CCD69-3DBD-3399-AF77-10B0F4A36748}.Release|x64.ActiveCfg = Release|x64
		{FC8CCD69-3DBD-3399-AF77-10B0F4A36748}.Release|x64.Build.0 = Release|x64
		{FC8CCD69-3DBD-3399-AF77-10B0F4A36748}.MinSizeRel|x64.ActiveCfg = MinSizeRel|x64
		{FC8CCD69-3DBD-3399-AF77-10B0F4A36748}.MinSizeRel|x64.Build.0 = MinSizeRel|x64
		{FC8CCD69-3DBD-3399-AF77-10B0F4A36748}.RelWithDebInfo|x64.ActiveCfg = RelWithDebInfo|x64
		{FC8CCD69-3DBD-3399-AF77-10B0F4A36748}.RelWithDebInfo|x64.Build.0 = RelWithDebInfo|x64
		{C2FAF402-F766-3BBF-960F-5D67D1A73941}.Debug|x64.ActiveCfg = Debug|x64
		{C2FAF402-F766-3BBF-960F-5D67D1A73941}.Debug|x64.Build.0 = Debug|x64
		{C2FAF402-F766-3BBF-960F-5D67D1A73941}.Release|x64.ActiveCfg = Release|x64
		{C2FAF402-F766-3BBF-960F-5D67D1A73941}.Release|x64.Build.0 = Release|x64
		{C2FAF402-F766-3BBF-960F-5D67D1A73941}.MinSizeRel|x64.ActiveCfg = MinSizeRel|x64
		{C2FAF402-F766-3BBF-960F-5D67D1A73941}.MinSizeRel|x64.Build.0 = MinSizeRel|x64
		{C2FAF402-F766-3BBF-960F-5D67D1A73941}.RelWithDebInfo|x64.ActiveCfg = RelWithDebInfo|x64
		{C2FAF402-F766-3BBF-960F-5D67D1A73941}.RelWithDebInfo|x64.Build.0 = RelWithDebInfo|x64
		{DA2FC607-A312-3BE6-A457-8EA1FFB9ED1B}.Debug|x64.ActiveCfg = Debug|x64
		{DA2FC607-A312-3BE6-A457-8EA1FFB9ED1B}.Debug|x64.Build.0 = Debug|x64
		{DA2FC607-A312-3BE6-A457-8EA1FFB9ED1B}.Release|x64.ActiveCfg = Release|x64
		{DA2FC607-A312-3BE6-A457-8EA1FFB9ED1B}.Release|x64.Build.0 = Release|x64
		{DA2FC607-A312-3BE6-A457-8EA1FFB9ED1B}.MinSizeRel|x64.ActiveCfg = MinSizeRel|x64
		{DA2FC607-A312-3BE6-A457-8EA1FFB9ED1B}.MinSizeRel|x64.Build.0 = MinSizeRel|x64
		{DA2FC607-A312-3BE6-A457-8EA1FFB9ED1B}.RelWithDebInfo|x64.ActiveCfg = RelWithDebInfo|x64
		{DA2FC607-A312-3BE6-A457-8EA1FFB9ED1B}.RelWithDebInfo|x64.Build.0 = RelWithDebInfo|x64
		{969E16D3-17E8-3C74-8F93-BFBEC3729C15}.Debug|x64.ActiveCfg = Debug|x64
		{969E16D3-17E8-3C74-8F93-BFBEC3729C15}.Debug|x64.Build.0 = Debug|x64
		{969E16D3-17E8-3C74-8F93-BFBEC3729C15}.Release|x64.ActiveCfg = Release|x64
		{969E16D3-17E8-3C74-8F93-BFBEC3729C15}.Release|x64.Build.0 = Release|x64
		{969E16D3-17E8-3C74-8F93-BFBEC3729C15}.MinSizeRel|x64.ActiveCfg = MinSizeRel|x64
		{969E16D3-17E8-3C74-8F93-BFBEC3729C15}.MinSizeRel|x64.Build.0 = MinSizeRel|x64
		{969E16D3-17E8-3C74-8F93-BFBEC3729C15}.RelWithDebInfo|x64.ActiveCfg = RelWithDebInfo|x64
		{969E16D3-17E8-3C74-8F93-BFBEC3729C15}.RelWithDebInfo|x64.Build.0 = RelWithDebInfo|x64
		{4BCCDBFD-1BA8-3C77-9CD0-A6CEEA87B43C}.Debug|x64.ActiveCfg = Debug|x64
		{4BCCDBFD-1BA8-3C77-9CD0-A6CEEA87B43C}.Debug|x64.Build.0 = Debug|x64
		{4BCCDBFD-1BA8-3C77-9CD0-A6CEEA87B43C}.Release|x64.ActiveCfg = Release|x64
		{4BCCDBFD-1BA8-3C77-9CD0-A6CEEA87B43C}.Release|x64.Build.0 = Release|x64
		{4BCCDBFD-1BA8-3C77-9CD0-A6CEEA87B43C}.MinSizeRel|x64.ActiveCfg = MinSizeRel|x64
		{4BCCDBFD-1BA8-3C77-9CD0-A6CEEA87B43C}.MinSizeRel|x64.Build.0 = MinSizeRel|x64
		{4BCCDBFD-1BA8-3C77-9CD0-A6CEEA87B43C}.RelWithDebInfo|x64.ActiveCfg = RelWithDebInfo|x64
		{4BCCDBFD-1BA8-3C77-9CD0-A6CEEA87B43C}.RelWithDebInfo|x64.Build.0 = RelWithDebInfo|x64
		{EE4B7EB2-EE28-36F2-93AA-B1B05971E0E6}.Debug|x64.ActiveCfg = Debug|x64
		{EE4B7EB2-EE28-36F2-93AA-B1B05971E0E6}.Debug|x64.Build.0 = Debug|x64
		{EE4B7EB2-EE28-36F2-93AA-B1B05971E0E6}.Release|x64.ActiveCfg = Release|x64
		{EE4B7EB2-EE28-36F2-93AA-B1B05971E0E6}.Release|x64.Build.0 = Release|x64
		{EE4B7EB2-EE28-36F2-93AA-B1B05971E0E6}.MinSizeRel|x64.ActiveCfg = MinSizeRel|x64
		{EE4B7EB2-EE28-36F2-93AA-B1B05971E0E6}.MinSizeRel|x64.Build.0 = MinSizeRel|x64
		{EE4B7EB2-EE28-36F2-93AA-B1B05971E0E6}.RelWithDebInfo|x64.ActiveCfg = RelWithDebInfo|x64
		{EE4B7EB2-EE28-36F2-93AA-B1B05971E0E6}.RelWithDebInfo|x64.Build.0 = RelWithDebInfo|x64
		{3A56BC41-C53A-34EB-8944-681BF53DA693}.Debug|x64.ActiveCfg = Debug|x64
		{3A56BC41-C53A-34EB-8944-681BF53DA693}.Debug|x64.Build.0 = Debug|x64
		{3A56BC41-C53A-34EB-8944-681BF53DA693}.Release|x64.ActiveCfg = Release|x64
		{3A56BC41-C53A-34EB-8944-681BF53DA693}.Release|x64.Build.0 = Release|x64
		{3A56BC41-C53A-34EB-8944-681BF53DA693}.MinSizeRel|x64.ActiveCfg = MinSizeRel|x64
		{3A56BC41-C53A-34EB-8944-681BF53DA693}.MinSizeRel|x64.Build.0 = MinSizeRel|x64
		{3A56BC41-C53A-34EB-8944-681BF53DA693}.RelWithDebInfo|x64.ActiveCfg = RelWithDebInfo|x64
		{3A56BC41-C53A-34EB-8944-681BF53DA693}.RelWithDebInfo|x64.Build.0 = RelWithDebInfo|x64
		{3CFEBC19-B6E1-3024-B0C9-32FEF239D534}.Debug|x64.ActiveCfg = Debug|x64
		{3CFEBC19-B6E1-3024-B0C9-32FEF239D534}.Debug|x64.Build.0 = Debug|x64
		{3CFEBC19-B6E1-3024-B0C9-32FEF239D534}.Release|x64.ActiveCfg = Release|x64
		{3CFEBC19-B6E1-3024-B0C9-32FEF239D534}.Release|x64.Build.0 = Release|x64
		{3CFEBC19-B6E1-3024-B0C9-32FEF239D534}.MinSizeRel|x64.ActiveCfg = MinSizeRel|x64
		{3CFEBC19-B6E1-3024-B0C9-32FEF239D534}.MinSizeRel|x64.Build.0 = MinSizeRel|x64
		{3CFEBC19-B6E1-3024-B0C9-32FEF239D534}.RelWithDebInfo|x64.ActiveCfg = RelWithDebInfo|x64
		{3CFEBC19-B6E1-3024-B0C9-32FEF239D534}.RelWithDebInfo|x64.Build.0 = RelWithDebInfo|x64
		{3CAFF8E0-E530-3CFA-AA26-FEA459737529}.Debug|x64.ActiveCfg = Debug|x64
		{3CAFF8E0-E530-3CFA-AA26-FEA459737529}.Debug|x64.Build.0 = Debug|x64
		{3CAFF8E0-E530-3CFA-AA26-FEA459737529}.Release|x64.ActiveCfg = Release|x64
		{3CAFF8E0-E530-3CFA-AA26-FEA459737529}.Release|x64.Build.0 = Release|x64
		{3CAFF8E0-E530-3CFA-AA26-FEA459737529}.MinSizeRel|x64.ActiveCfg = MinSizeRel|x64
		{3CAFF8E0-E530-3CFA-AA26-FEA459737529}.MinSizeRel|x64.Build.0 = MinSizeRel|x64
		{3CAFF8E0-E530-3CFA-AA26-FEA459737529}.RelWithDebInfo|x64.ActiveCfg = RelWithDebInfo|x64
		{3CAFF8E0-E530-3CFA-AA26-FEA459737529}.RelWithDebInfo|x64.Build.0 = RelWithDebInfo|x64
		{84DD33B0-6DF8-3788-85C8-581B65ADE169}.Debug|x64.ActiveCfg = Debug|x64
		{84DD33B0-6DF8-3788-85C8-581B65ADE169}.Debug|x64.Build.0 = Debug|x64
		{84DD33B0-6DF8-3788-85C8-581B65ADE169}.Release|x64.ActiveCfg = Release|x64
		{84DD33B0-6DF8-3788-85C8-581B65ADE169}.Release|x64.Build.0 = Release|x64
		{84DD33B0-6DF8-3788-85C8-581B65ADE169}.MinSizeRel|x64.ActiveCfg = MinSizeRel|x64
		{84DD33B0-6DF8-3788-85C8-581B65ADE169}.MinSizeRel|x64.Build.0 = MinSizeRel|x64
		{84DD33B0-6DF8-3788-85C8-581B65ADE169}.RelWithDebInfo|x64.ActiveCfg = RelWithDebInfo|x64
		{84DD33B0-6DF8-3788-85C8-581B65ADE169}.RelWithDebInfo|x64.Build.0 = RelWithDebInfo|x64
		{EED54B3B-F97E-3D4F-A36A-22F151D35748}.Debug|x64.ActiveCfg = Debug|x64
		{EED54B3B-F97E-3D4F-A36A-22F151D35748}.Debug|x64.Build.0 = Debug|x64
		{EED54B3B-F97E-3D4F-A36A-22F151D35748}.Release|x64.ActiveCfg = Release|x64
		{EED54B3B-F97E-3D4F-A36A-22F151D35748}.Release|x64.Build.0 = Release|x64
		{EED54B3B-F97E-3D4F-A36A-22F151D35748}.MinSizeRel|x64.ActiveCfg = MinSizeRel|x64
		{EED54B3B-F97E-3D4F-A36A-22F151D35748}.MinSizeRel|x64.Build.0 = MinSizeRel|x64
		{EED54B3B-F97E-3D4F-A36A-22F151D35748}.RelWithDebInfo|x64.ActiveCfg = RelWithDebInfo|x64
		{EED54B3B-F97E-3D4F-A36A-22F151D35748}.RelWithDebInfo|x64.Build.0 = RelWithDebInfo|x64
		{215036CF-B241-373E-9AC8-4F180CE72BFF}.Debug|x64.ActiveCfg = Debug|x64
		{215036CF-B241-373E-9AC8-4F180CE72BFF}.Debug|x64.Build.0 = Debug|x64
		{215036CF-B241-373E-9AC8-4F180CE72BFF}.Release|x64.ActiveCfg = Release|x64
		{215036CF-B241-373E-9AC8-4F180CE72BFF}.Release|x64.Build.0 = Release|x64
		{215036CF-B241-373E-9AC8-4F180CE72BFF}.MinSizeRel|x64.ActiveCfg = MinSizeRel|x64
		{215036CF-B241-373E-9AC8-4F180CE72BFF}.MinSizeRel|x64.Build.0 = MinSizeRel|x64
		{215036CF-B241-373E-9AC8-4F180CE72BFF}.RelWithDebInfo|x64.ActiveCfg = RelWithDebInfo|x64
		{215036CF-B241-373E-9AC8-4F180CE72BFF}.RelWithDebInfo|x64.Build.0 = RelWithDebInfo|x64
		{39D8F7C1-A6C8-368A-AB95-7A18B8D8F05A}.Debug|x64.ActiveCfg = Debug|x64
		{39D8F7C1-A6C8-368A-AB95-7A18B8D8F05A}.Debug|x64.Build.0 = Debug|x64
		{39D8F7C1-A6C8-368A-AB95-7A18B8D8F05A}.Release|x64.ActiveCfg = Release|x64
		{39D8F7C1-A6C8-368A-AB95-7A18B8D8F05A}.Release|x64.Build.0 = Release|x64
		{39D8F7C1-A6C8-368A-AB95-7A18B8D8F05A}.MinSizeRel|x64.ActiveCfg = MinSizeRel|x64
		{39D8F7C1-A6C8-368A-AB95-7A18B8D8F05A}.MinSizeRel|x64.Build.0 = MinSizeRel|x64
		{39D8F7C1-A6C8-368A-AB95-7A18B8D8F05A}.RelWithDebInfo|x64.ActiveCfg = RelWithDebInfo|x64
		{39D8F7C1-A6C8-368A-AB95-7A18B8D8F05A}.RelWithDebInfo|x64.Build.0 = RelWithDebInfo|x64
		{EB93DF99-EB25-3817-A4E3-164B8AE66839}.Debug|x64.ActiveCfg = Debug|x64
		{EB93DF99-EB25-3817-A4E3-164B8AE66839}.Debug|x64.Build.0 = Debug|x64
		{EB93DF99-EB25-3817-A4E3-164B8AE66839}.Release|x64.ActiveCfg = Release|x64
		{EB93DF99-EB25-3817-A4E3-164B8AE66839}.Release|x64.Build.0 = Release|x64
		{EB93DF99-EB25-3817-A4E3-164B8AE66839}.MinSizeRel|x64.ActiveCfg = MinSizeRel|x64
		{EB93DF99-EB25-3817-A4E3-164B8AE66839}.MinSizeRel|x64.Build.0 = MinSizeRel|x64
		{EB93DF99-EB25-3817-A4E3-164B8AE66839}.RelWithDebInfo|x64.ActiveCfg = RelWithDebInfo|x64
		{EB93DF99-EB25-3817-A4E3-164B8AE66839}.RelWithDebInfo|x64.Build.0 = RelWithDebInfo|x64
		{40926FD3-04B0-330A-8085-CFDB6A492E38}.Debug|x64.ActiveCfg = Debug|x64
		{40926FD3-04B0-330A-8085-CFDB6A492E38}.Debug|x64.Build.0 = Debug|x64
		{40926FD3-04B0-330A-8085-CFDB6A492E38}.Release|x64.ActiveCfg = Release|x64
		{40926FD3-04B0-330A-8085-CFDB6A492E38}.Release|x64.Build.0 = Release|x64
		{40926FD3-04B0-330A-8085-CFDB6A492E38}.MinSizeRel|x64.ActiveCfg = MinSizeRel|x64
		{40926FD3-04B0-330A-8085-CFDB6A492E38}.MinSizeRel|x64.Build.0 = MinSizeRel|x64
		{40926FD3-04B0-330A-8085-CFDB6A492E38}.RelWithDebInfo|x64.ActiveCfg = RelWithDebInfo|x64
		{40926FD3-04B0-330A-8085-CFDB6A492E38}.RelWithDebInfo|x64.Build.0 = RelWithDebInfo|x64
		{22C0BF31-6182-3A22-A35D-0DA1C34CD70F}.Debug|x64.ActiveCfg = Debug|x64
		{22C0BF31-6182-3A22-A35D-0DA1C34CD70F}.Debug|x64.Build.0 = Debug|x64
		{22C0BF31-6182-3A22-A35D-0DA1C34CD70F}.Release|x64.ActiveCfg = Release|x64
		{22C0BF31-6182-3A22-A35D-0DA1C34CD70F}.Release|x64.Build.0 = Release|x64
		{22C0BF31-6182-3A22-A35D-0DA1C34CD70F}.MinSizeRel|x64.ActiveCfg = MinSizeRel|x64
		{22C0BF31-6182-3A22-A35D-0DA1C34CD70F}.MinSizeRel|x64.Build.0 = MinSizeRel|x64
		{22C0BF31-6182-3A22-A35D-0DA1C34CD70F}.RelWithDebInfo|x64.ActiveCfg = RelWithDebInfo|x64
		{22C0BF31-6182-3A22-A35D-0DA1C34CD70F}.RelWithDebInfo|x64.Build.0 = RelWithDebInfo|x64
		{ABF4C709-81B5-3460-9F17-9B1B0B38959A}.Debug|x64.ActiveCfg = Debug|x64
		{ABF4C709-81B5-3460-9F17-9B1B0B38959A}.Debug|x64.Build.0 = Debug|x64
		{ABF4C709-81B5-3460-9F17-9B1B0B38959A}.Release|x64.ActiveCfg = Release|x64
		{ABF4C709-81B5-3460-9F17-9B1B0B38959A}.Release|x64.Build.0 = Release|x64
		{ABF4C709-81B5-3460-9F17-9B1B0B38959A}.MinSizeRel|x64.ActiveCfg = MinSizeRel|x64
		{ABF4C709-81B5-3460-9F17-9B1B0B38959A}.MinSizeRel|x64.Build.0 = MinSizeRel|x64
		{ABF4C709-81B5-3460-9F17-9B1B0B38959A}.RelWithDebInfo|x64.ActiveCfg = RelWithDebInfo|x64
		{ABF4C709-81B5-3460-9F17-9B1B0B38959A}.RelWithDebInfo|x64.Build.0 = RelWithDebInfo|x64
		{5CE03F53-25C7-3C5C-880D-5E7337F397BE}.Debug|x64.ActiveCfg = Debug|x64
		{5CE03F53-25C7-3C5C-880D-5E7337F397BE}.Debug|x64.Build.0 = Debug|x64
		{5CE03F53-25C7-3C5C-880D-5E7337F397BE}.Release|x64.ActiveCfg = Release|x64
		{5CE03F53-25C7-3C5C-880D-5E7337F397BE}.Release|x64.Build.0 = Release|x64
		{5CE03F53-25C7-3C5C-880D-5E7337F397BE}.MinSizeRel|x64.ActiveCfg = MinSizeRel|x64
		{5CE03F53-25C7-3C5C-880D-5E7337F397BE}.MinSizeRel|x64.Build.0 = MinSizeRel|x64
		{5CE03F53-25C7-3C5C-880D-5E7337F397BE}.RelWithDebInfo|x64.ActiveCfg = RelWithDebInfo|x64
		{5CE03F53-25C7-3C5C-880D-5E7337F397BE}.RelWithDebInfo|x64.Build.0 = RelWithDebInfo|x64
		{2B635AA8-8AC9-3E38-A773-FDA547CE82B9}.Debug|x64.ActiveCfg = Debug|x64
		{2B635AA8-8AC9-3E38-A773-FDA547CE82B9}.Debug|x64.Build.0 = Debug|x64
		{2B635AA8-8AC9-3E38-A773-FDA547CE82B9}.Release|x64.ActiveCfg = Release|x64
		{2B635AA8-8AC9-3E38-A773-FDA547CE82B9}.Release|x64.Build.0 = Release|x64
		{2B635AA8-8AC9-3E38-A773-FDA547CE82B9}.MinSizeRel|x64.ActiveCfg = MinSizeRel|x64
		{2B635AA8-8AC9-3E38-A773-FDA547CE82B9}.MinSizeRel|x64.Build.0 = MinSizeRel|x64
		{2B635AA8-8AC9-3E38-A773-FDA547CE82B9}.RelWithDebInfo|x64.ActiveCfg = RelWithDebInfo|x64
		{2B635AA8-8AC9-3E38-A773-FDA547CE82B9}.RelWithDebInfo|x64.Build.0 = RelWithDebInfo|x64
		{481D8CBB-3125-368E-BDE0-DE4BB5E80455}.Debug|x64.ActiveCfg = Debug|x64
		{481D8CBB-3125-368E-BDE0-DE4BB5E80455}.Debug|x64.Build.0 = Debug|x64
		{481D8CBB-3125-368E-BDE0-DE4BB5E80455}.Release|x64.ActiveCfg = Release|x64
		{481D8CBB-3125-368E-BDE0-DE4BB5E80455}.Release|x64.Build.0 = Release|x64
		{481D8CBB-3125-368E-BDE0-DE4BB5E80455}.MinSizeRel|x64.ActiveCfg = MinSizeRel|x64
		{481D8CBB-3125-368E-BDE0-DE4BB5E80455}.MinSizeRel|x64.Build.0 = MinSizeRel|x64
		{481D8CBB-3125-368E-BDE0-DE4BB5E80455}.RelWithDebInfo|x64.ActiveCfg = RelWithDebInfo|x64
		{481D8CBB-3125-368E-BDE0-DE4BB5E80455}.RelWithDebInfo|x64.Build.0 = RelWithDebInfo|x64
		{1488425D-B8AD-306E-8D43-DA8721F360DB}.Debug|x64.ActiveCfg = Debug|x64
		{1488425D-B8AD-306E-8D43-DA8721F360DB}.Debug|x64.Build.0 = Debug|x64
		{1488425D-B8AD-306E-8D43-DA8721F360DB}.Release|x64.ActiveCfg = Release|x64
		{1488425D-B8AD-306E-8D43-DA8721F360DB}.Release|x64.Build.0 = Release|x64
		{1488425D-B8AD-306E-8D43-DA8721F360DB}.MinSizeRel|x64.ActiveCfg = MinSizeRel|x64
		{1488425D-B8AD-306E-8D43-DA8721F360DB}.MinSizeRel|x64.Build.0 = MinSizeRel|x64
		{1488425D-B8AD-306E-8D43-DA8721F360DB}.RelWithDebInfo|x64.ActiveCfg = RelWithDebInfo|x64
		{1488425D-B8AD-306E-8D43-DA8721F360DB}.RelWithDebInfo|x64.Build.0 = RelWithDebInfo|x64
		{F334DAD3-D353-3F0E-A3C9-0E476BCC57F8}.Debug|x64.ActiveCfg = Debug|x64
		{F334DAD3-D353-3F0E-A3C9-0E476BCC57F8}.Debug|x64.Build.0 = Debug|x64
		{F334DAD3-D353-3F0E-A3C9-0E476BCC57F8}.Release|x64.ActiveCfg = Release|x64
		{F334DAD3-D353-3F0E-A3C9-0E476BCC57F8}.Release|x64.Build.0 = Release|x64
		{F334DAD3-D353-3F0E-A3C9-0E476BCC57F8}.MinSizeRel|x64.ActiveCfg = MinSizeRel|x64
		{F334DAD3-D353-3F0E-A3C9-0E476BCC57F8}.MinSizeRel|x64.Build.0 = MinSizeRel|x64
		{F334DAD3-D353-3F0E-A3C9-0E476BCC57F8}.RelWithDebInfo|x64.ActiveCfg = RelWithDebInfo|x64
		{F334DAD3-D353-3F0E-A3C9-0E476BCC57F8}.RelWithDebInfo|x64.Build.0 = RelWithDebInfo|x64
		{3AF3AA78-D67C-3985-B9F7-709E96614E42}.Debug|x64.ActiveCfg = Debug|x64
		{3AF3AA78-D67C-3985-B9F7-709E96614E42}.Debug|x64.Build.0 = Debug|x64
		{3AF3AA78-D67C-3985-B9F7-709E96614E42}.Release|x64.ActiveCfg = Release|x64
		{3AF3AA78-D67C-3985-B9F7-709E96614E42}.Release|x64.Build.0 = Release|x64
		{3AF3AA78-D67C-3985-B9F7-709E96614E42}.MinSizeRel|x64.ActiveCfg = MinSizeRel|x64
		{3AF3AA78-D67C-3985-B9F7-709E96614E42}.MinSizeRel|x64.Build.0 = MinSizeRel|x64
		{3AF3AA78-D67C-3985-B9F7-709E96614E42}.RelWithDebInfo|x64.ActiveCfg = RelWithDebInfo|x64
		{3AF3AA78-D67C-3985-B9F7-709E96614E42}.RelWithDebInfo|x64.Build.0 = RelWithDebInfo|x64
		{261B03AF-ED63-35AC-A4EA-1ADE6AD08747}.Debug|x64.ActiveCfg = Debug|x64
		{261B03AF-ED63-35AC-A4EA-1ADE6AD08747}.Debug|x64.Build.0 = Debug|x64
		{261B03AF-ED63-35AC-A4EA-1ADE6AD08747}.Release|x64.ActiveCfg = Release|x64
		{261B03AF-ED63-35AC-A4EA-1ADE6AD08747}.Release|x64.Build.0 = Release|x64
		{261B03AF-ED63-35AC-A4EA-1ADE6AD08747}.MinSizeRel|x64.ActiveCfg = MinSizeRel|x64
		{261B03AF-ED63-35AC-A4EA-1ADE6AD08747}.MinSizeRel|x64.Build.0 = MinSizeRel|x64
		{261B03AF-ED63-35AC-A4EA-1ADE6AD08747}.RelWithDebInfo|x64.ActiveCfg = RelWithDebInfo|x64
		{261B03AF-ED63-35AC-A4EA-1ADE6AD08747}.RelWithDebInfo|x64.Build.0 = RelWithDebInfo|x64
		{3F2760C9-DC27-3042-8005-7D81DC1C1A5E}.Debug|x64.ActiveCfg = Debug|x64
		{3F2760C9-DC27-3042-8005-7D81DC1C1A5E}.Debug|x64.Build.0 = Debug|x64
		{3F2760C9-DC27-3042-8005-7D81DC1C1A5E}.Release|x64.ActiveCfg = Release|x64
		{3F2760C9-DC27-3042-8005-7D81DC1C1A5E}.Release|x64.Build.0 = Release|x64
		{3F2760C9-DC27-3042-8005-7D81DC1C1A5E}.MinSizeRel|x64.ActiveCfg = MinSizeRel|x64
		{3F2760C9-DC27-3042-8005-7D81DC1C1A5E}.MinSizeRel|x64.Build.0 = MinSizeRel|x64
		{3F2760C9-DC27-3042-8005-7D81DC1C1A5E}.RelWithDebInfo|x64.ActiveCfg = RelWithDebInfo|x64
		{3F2760C9-DC27-3042-8005-7D81DC1C1A5E}.RelWithDebInfo|x64.Build.0 = RelWithDebInfo|x64
		{FDAD1C2B-F0D4-3AF8-A3A3-89C8ACA3D5A6}.Debug|x64.ActiveCfg = Debug|x64
		{FDAD1C2B-F0D4-3AF8-A3A3-89C8ACA3D5A6}.Debug|x64.Build.0 = Debug|x64
		{FDAD1C2B-F0D4-3AF8-A3A3-89C8ACA3D5A6}.Release|x64.ActiveCfg = Release|x64
		{FDAD1C2B-F0D4-3AF8-A3A3-89C8ACA3D5A6}.Release|x64.Build.0 = Release|x64
		{FDAD1C2B-F0D4-3AF8-A3A3-89C8ACA3D5A6}.MinSizeRel|x64.ActiveCfg = MinSizeRel|x64
		{FDAD1C2B-F0D4-3AF8-A3A3-89C8ACA3D5A6}.MinSizeRel|x64.Build.0 = MinSizeRel|x64
		{FDAD1C2B-F0D4-3AF8-A3A3-89C8ACA3D5A6}.RelWithDebInfo|x64.ActiveCfg = RelWithDebInfo|x64
		{FDAD1C2B-F0D4-3AF8-A3A3-89C8ACA3D5A6}.RelWithDebInfo|x64.Build.0 = RelWithDebInfo|x64
		{7D6164D5-43E8-3529-BBF3-A00999FE4C54}.Debug|x64.ActiveCfg = Debug|x64
		{7D6164D5-43E8-3529-BBF3-A00999FE4C54}.Debug|x64.Build.0 = Debug|x64
		{7D6164D5-43E8-3529-BBF3-A00999FE4C54}.Release|x64.ActiveCfg = Release|x64
		{7D6164D5-43E8-3529-BBF3-A00999FE4C54}.Release|x64.Build.0 = Release|x64
		{7D6164D5-43E8-3529-BBF3-A00999FE4C54}.MinSizeRel|x64.ActiveCfg = MinSizeRel|x64
		{7D6164D5-43E8-3529-BBF3-A00999FE4C54}.MinSizeRel|x64.Build.0 = MinSizeRel|x64
		{7D6164D5-43E8-3529-BBF3-A00999FE4C54}.RelWithDebInfo|x64.ActiveCfg = RelWithDebInfo|x64
		{7D6164D5-43E8-3529-BBF3-A00999FE4C54}.RelWithDebInfo|x64.Build.0 = RelWithDebInfo|x64
		{DF9FDFE8-C6BC-332E-8BD4-72B4647A9062}.Debug|x64.ActiveCfg = Debug|x64
		{DF9FDFE8-C6BC-332E-8BD4-72B4647A9062}.Debug|x64.Build.0 = Debug|x64
		{DF9FDFE8-C6BC-332E-8BD4-72B4647A9062}.Release|x64.ActiveCfg = Release|x64
		{DF9FDFE8-C6BC-332E-8BD4-72B4647A9062}.Release|x64.Build.0 = Release|x64
		{DF9FDFE8-C6BC-332E-8BD4-72B4647A9062}.MinSizeRel|x64.ActiveCfg = MinSizeRel|x64
		{DF9FDFE8-C6BC-332E-8BD4-72B4647A9062}.MinSizeRel|x64.Build.0 = MinSizeRel|x64
		{DF9FDFE8-C6BC-332E-8BD4-72B4647A9062}.RelWithDebInfo|x64.ActiveCfg = RelWithDebInfo|x64
		{DF9FDFE8-C6BC-332E-8BD4-72B4647A9062}.RelWithDebInfo|x64.Build.0 = RelWithDebInfo|x64
		{405EFF61-4DD6-3F1E-BF44-8CF88002FD85}.Debug|x64.ActiveCfg = Debug|x64
		{405EFF61-4DD6-3F1E-BF44-8CF88002FD85}.Debug|x64.Build.0 = Debug|x64
		{405EFF61-4DD6-3F1E-BF44-8CF88002FD85}.Release|x64.ActiveCfg = Release|x64
		{405EFF61-4DD6-3F1E-BF44-8CF88002FD85}.Release|x64.Build.0 = Release|x64
		{405EFF61-4DD6-3F1E-BF44-8CF88002FD85}.MinSizeRel|x64.ActiveCfg = MinSizeRel|x64
		{405EFF61-4DD6-3F1E-BF44-8CF88002FD85}.MinSizeRel|x64.Build.0 = MinSizeRel|x64
		{405EFF61-4DD6-3F1E-BF44-8CF88002FD85}.RelWithDebInfo|x64.ActiveCfg = RelWithDebInfo|x64
		{405EFF61-4DD6-3F1E-BF44-8CF88002FD85}.RelWithDebInfo|x64.Build.0 = RelWithDebInfo|x64
		{BB977178-B2EF-3F23-BD11-85FAD5CA9522}.Debug|x64.ActiveCfg = Debug|x64
		{BB977178-B2EF-3F23-BD11-85FAD5CA9522}.Release|x64.ActiveCfg = Release|x64
		{BB977178-B2EF-3F23-BD11-85FAD5CA9522}.MinSizeRel|x64.ActiveCfg = MinSizeRel|x64
		{BB977178-B2EF-3F23-BD11-85FAD5CA9522}.RelWithDebInfo|x64.ActiveCfg = RelWithDebInfo|x64
		{C1DD50FE-46FD-313F-9C76-F19194F8B7D6}.Debug|x64.ActiveCfg = Debug|x64
		{C1DD50FE-46FD-313F-9C76-F19194F8B7D6}.Release|x64.ActiveCfg = Release|x64
		{C1DD50FE-46FD-313F-9C76-F19194F8B7D6}.MinSizeRel|x64.ActiveCfg = MinSizeRel|x64
		{C1DD50FE-46FD-313F-9C76-F19194F8B7D6}.RelWithDebInfo|x64.ActiveCfg = RelWithDebInfo|x64
		{B980BC2E-2700-34BC-B9D0-367071741D17}.Debug|x64.ActiveCfg = Debug|x64
		{B980BC2E-2700-34BC-B9D0-367071741D17}.Debug|x64.Build.0 = Debug|x64
		{B980BC2E-2700-34BC-B9D0-367071741D17}.Release|x64.ActiveCfg = Release|x64
		{B980BC2E-2700-34BC-B9D0-367071741D17}.Release|x64.Build.0 = Release|x64
		{B980BC2E-2700-34BC-B9D0-367071741D17}.MinSizeRel|x64.ActiveCfg = MinSizeRel|x64
		{B980BC2E-2700-34BC-B9D0-367071741D17}.MinSizeRel|x64.Build.0 = MinSizeRel|x64
		{B980BC2E-2700-34BC-B9D0-367071741D17}.RelWithDebInfo|x64.ActiveCfg = RelWithDebInfo|x64
		{B980BC2E-2700-34BC-B9D0-367071741D17}.RelWithDebInfo|x64.Build.0 = RelWithDebInfo|x64
		{F3D59865-C02A-3AA6-9BB4-82D6DB72E920}.Debug|x64.ActiveCfg = Debug|x64
		{F3D59865-C02A-3AA6-9BB4-82D6DB72E920}.Debug|x64.Build.0 = Debug|x64
		{F3D59865-C02A-3AA6-9BB4-82D6DB72E920}.Release|x64.ActiveCfg = Release|x64
		{F3D59865-C02A-3AA6-9BB4-82D6DB72E920}.Release|x64.Build.0 = Release|x64
		{F3D59865-C02A-3AA6-9BB4-82D6DB72E920}.MinSizeRel|x64.ActiveCfg = MinSizeRel|x64
		{F3D59865-C02A-3AA6-9BB4-82D6DB72E920}.MinSizeRel|x64.Build.0 = MinSizeRel|x64
		{F3D59865-C02A-3AA6-9BB4-82D6DB72E920}.RelWithDebInfo|x64.ActiveCfg = RelWithDebInfo|x64
		{F3D59865-C02A-3AA6-9BB4-82D6DB72E920}.RelWithDebInfo|x64.Build.0 = RelWithDebInfo|x64
		{7D6465F5-41A1-3170-A2B6-02DE05914824}.Debug|x64.ActiveCfg = Debug|x64
		{7D6465F5-41A1-3170-A2B6-02DE05914824}.Debug|x64.Build.0 = Debug|x64
		{7D6465F5-41A1-3170-A2B6-02DE05914824}.Release|x64.ActiveCfg = Release|x64
		{7D6465F5-41A1-3170-A2B6-02DE05914824}.Release|x64.Build.0 = Release|x64
		{7D6465F5-41A1-3170-A2B6-02DE05914824}.MinSizeRel|x64.ActiveCfg = MinSizeRel|x64
		{7D6465F5-41A1-3170-A2B6-02DE05914824}.MinSizeRel|x64.Build.0 = MinSizeRel|x64
		{7D6465F5-41A1-3170-A2B6-02DE05914824}.RelWithDebInfo|x64.ActiveCfg = RelWithDebInfo|x64
		{7D6465F5-41A1-3170-A2B6-02DE05914824}.RelWithDebInfo|x64.Build.0 = RelWithDebInfo|x64
	EndGlobalSection
	GlobalSection(NestedProjects) = preSolution
		{9439C92E-0F21-36FD-AD04-8999AC0A679A} = {10E17FCB-F348-3C2C-930B-2009B5348A11}
		{FA0B1E72-AF44-3AC7-8EE0-BE3CBF25359C} = {10E17FCB-F348-3C2C-930B-2009B5348A11}
		{03255236-7150-332E-8B1F-ABC74E739309} = {10E17FCB-F348-3C2C-930B-2009B5348A11}
		{27740896-1EEF-35C8-B9D2-E0E8AA71843E} = {3FCBC1D0-9D3E-3E06-9B5A-7ABDED54AB3C}
		{1794BD00-89E8-37C9-877A-5B629D41B5CE} = {3FCBC1D0-9D3E-3E06-9B5A-7ABDED54AB3C}
		{3CAFF8E0-E530-3CFA-AA26-FEA459737529} = {3FCBC1D0-9D3E-3E06-9B5A-7ABDED54AB3C}
		{BB977178-B2EF-3F23-BD11-85FAD5CA9522} = {3FCBC1D0-9D3E-3E06-9B5A-7ABDED54AB3C}
		{C1DD50FE-46FD-313F-9C76-F19194F8B7D6} = {3FCBC1D0-9D3E-3E06-9B5A-7ABDED54AB3C}
		{C2FAF402-F766-3BBF-960F-5D67D1A73941} = {27740896-1EEF-35C8-B9D2-E0E8AA71843E}
		{3CFEBC19-B6E1-3024-B0C9-32FEF239D534} = {27740896-1EEF-35C8-B9D2-E0E8AA71843E}
		{EED54B3B-F97E-3D4F-A36A-22F151D35748} = {27740896-1EEF-35C8-B9D2-E0E8AA71843E}
		{5CE03F53-25C7-3C5C-880D-5E7337F397BE} = {27740896-1EEF-35C8-B9D2-E0E8AA71843E}
		{2B635AA8-8AC9-3E38-A773-FDA547CE82B9} = {27740896-1EEF-35C8-B9D2-E0E8AA71843E}
		{1488425D-B8AD-306E-8D43-DA8721F360DB} = {27740896-1EEF-35C8-B9D2-E0E8AA71843E}
		{F334DAD3-D353-3F0E-A3C9-0E476BCC57F8} = {27740896-1EEF-35C8-B9D2-E0E8AA71843E}
		{7D6164D5-43E8-3529-BBF3-A00999FE4C54} = {27740896-1EEF-35C8-B9D2-E0E8AA71843E}
		{DF9FDFE8-C6BC-332E-8BD4-72B4647A9062} = {27740896-1EEF-35C8-B9D2-E0E8AA71843E}
		{B980BC2E-2700-34BC-B9D0-367071741D17} = {27740896-1EEF-35C8-B9D2-E0E8AA71843E}
		{7D6465F5-41A1-3170-A2B6-02DE05914824} = {27740896-1EEF-35C8-B9D2-E0E8AA71843E}
		{FC8CCD69-3DBD-3399-AF77-10B0F4A36748} = {1794BD00-89E8-37C9-877A-5B629D41B5CE}
		{DA2FC607-A312-3BE6-A457-8EA1FFB9ED1B} = {1794BD00-89E8-37C9-877A-5B629D41B5CE}
		{969E16D3-17E8-3C74-8F93-BFBEC3729C15} = {1794BD00-89E8-37C9-877A-5B629D41B5CE}
		{4BCCDBFD-1BA8-3C77-9CD0-A6CEEA87B43C} = {1794BD00-89E8-37C9-877A-5B629D41B5CE}
		{EE4B7EB2-EE28-36F2-93AA-B1B05971E0E6} = {1794BD00-89E8-37C9-877A-5B629D41B5CE}
		{3A56BC41-C53A-34EB-8944-681BF53DA693} = {1794BD00-89E8-37C9-877A-5B629D41B5CE}
		{84DD33B0-6DF8-3788-85C8-581B65ADE169} = {1794BD00-89E8-37C9-877A-5B629D41B5CE}
		{215036CF-B241-373E-9AC8-4F180CE72BFF} = {1794BD00-89E8-37C9-877A-5B629D41B5CE}
		{39D8F7C1-A6C8-368A-AB95-7A18B8D8F05A} = {1794BD00-89E8-37C9-877A-5B629D41B5CE}
		{EB93DF99-EB25-3817-A4E3-164B8AE66839} = {1794BD00-89E8-37C9-877A-5B629D41B5CE}
		{40926FD3-04B0-330A-8085-CFDB6A492E38} = {1794BD00-89E8-37C9-877A-5B629D41B5CE}
		{22C0BF31-6182-3A22-A35D-0DA1C34CD70F} = {1794BD00-89E8-37C9-877A-5B629D41B5CE}
		{ABF4C709-81B5-3460-9F17-9B1B0B38959A} = {1794BD00-89E8-37C9-877A-5B629D41B5CE}
		{481D8CBB-3125-368E-BDE0-DE4BB5E80455} = {1794BD00-89E8-37C9-877A-5B629D41B5CE}
		{3AF3AA78-D67C-3985-B9F7-709E96614E42} = {1794BD00-89E8-37C9-877A-5B629D41B5CE}
		{261B03AF-ED63-35AC-A4EA-1ADE6AD08747} = {1794BD00-89E8-37C9-877A-5B629D41B5CE}
		{3F2760C9-DC27-3042-8005-7D81DC1C1A5E} = {1794BD00-89E8-37C9-877A-5B629D41B5CE}
		{FDAD1C2B-F0D4-3AF8-A3A3-89C8ACA3D5A6} = {1794BD00-89E8-37C9-877A-5B629D41B5CE}
		{405EFF61-4DD6-3F1E-BF44-8CF88002FD85} = {1794BD00-89E8-37C9-877A-5B629D41B5CE}
		{F3D59865-C02A-3AA6-9BB4-82D6DB72E920} = {1794BD00-89E8-37C9-877A-5B629D41B5CE}
	EndGlobalSection
	GlobalSection(ExtensibilityGlobals) = postSolution
		SolutionGuid = {9A8530A1-8718-3CF4-AF9A-5F0F82FE16A4}
	EndGlobalSection
	GlobalSection(ExtensibilityAddIns) = postSolution
	EndGlobalSection
EndGlobal
